
Microsoft Visual Studio Solution File, Format Version 12.00
# Visual Studio Version 17
VisualStudioVersion = 17.9.34622.214
MinimumVisualStudioVersion = 10.0.40219.1
Project("{FAE04EC0-301F-11D3-BF4B-00C04F79EFBC}") = "API", "API\API.csproj", "{5B9EEF93-9850-4F56-BE06-7A22A0B11BAB}"
EndProject
Project("{FAE04EC0-301F-11D3-BF4B-00C04F79EFBC}") = "MVC", "MVC\MVC.csproj", "{D10AB6B2-F56E-4515-AE82-2AB4617EB398}"
EndProject
Global
	GlobalSection(SolutionConfigurationPlatforms) = preSolution
		Debug|Any CPU = Debug|Any CPU
		Release|Any CPU = Release|Any CPU
	EndGlobalSection
	GlobalSection(ProjectConfigurationPlatforms) = postSolution
		{5B9EEF93-9850-4F56-BE06-7A22A0B11BAB}.Debug|Any CPU.ActiveCfg = Debug|Any CPU
		{5B9EEF93-9850-4F56-BE06-7A22A0B11BAB}.Debug|Any CPU.Build.0 = Debug|Any CPU
		{5B9EEF93-9850-4F56-BE06-7A22A0B11BAB}.Release|Any CPU.ActiveCfg = Release|Any CPU
		{5B9EEF93-9850-4F56-BE06-7A22A0B11BAB}.Release|Any CPU.Build.0 = Release|Any CPU
		{D10AB6B2-F56E-4515-AE82-2AB4617EB398}.Debug|Any CPU.ActiveCfg = Debug|Any CPU
		{D10AB6B2-F56E-4515-AE82-2AB4617EB398}.Debug|Any CPU.Build.0 = Debug|Any CPU
		{D10AB6B2-F56E-4515-AE82-2AB4617EB398}.Release|Any CPU.ActiveCfg = Release|Any CPU
		{D10AB6B2-F56E-4515-AE82-2AB4617EB398}.Release|Any CPU.Build.0 = Release|Any CPU
	EndGlobalSection
	GlobalSection(SolutionProperties) = preSolution
		HideSolutionNode = FALSE
	EndGlobalSection
	GlobalSection(ExtensibilityGlobals) = postSolution
		SolutionGuid = {997D4F9D-FD46-488B-A930-1EBEDDC95D57}
	EndGlobalSection
EndGlobal
